
Microsoft Visual Studio Solution File, Format Version 12.00
# Visual Studio Version 17
VisualStudioVersion = 17.3.32901.215
MinimumVisualStudioVersion = 10.0.40219.1
Project("{FAE04EC0-301F-11D3-BF4B-00C04F79EFBC}") = "rastgele kutuphanesi-847", "rastgele kutuphanesi-847\rastgele kutuphanesi-847.csproj", "{8B551D6A-6E76-4D2D-B370-D1DFD01ED340}"
EndProject
Global
	GlobalSection(SolutionConfigurationPlatforms) = preSolution
		Debug|Any CPU = Debug|Any CPU
		Release|Any CPU = Release|Any CPU
	EndGlobalSection
	GlobalSection(ProjectConfigurationPlatforms) = postSolution
		{8B551D6A-6E76-4D2D-B370-D1DFD01ED340}.Debug|Any CPU.ActiveCfg = Debug|Any CPU
		{8B551D6A-6E76-4D2D-B370-D1DFD01ED340}.Debug|Any CPU.Build.0 = Debug|Any CPU
		{8B551D6A-6E76-4D2D-B370-D1DFD01ED340}.Release|Any CPU.ActiveCfg = Release|Any CPU
		{8B551D6A-6E76-4D2D-B370-D1DFD01ED340}.Release|Any CPU.Build.0 = Release|Any CPU
	EndGlobalSection
	GlobalSection(SolutionProperties) = preSolution
		HideSolutionNode = FALSE
	EndGlobalSection
	GlobalSection(ExtensibilityGlobals) = postSolution
		SolutionGuid = {80D13644-BCF8-4133-81D2-25D7F4343FFA}
	EndGlobalSection
EndGlobal
